
Microsoft Visual Studio Solution File, Format Version 12.00
# Visual Studio Version 16
VisualStudioVersion = 16.0.30104.148
MinimumVisualStudioVersion = 10.0.40219.1
Project("{8BC9CEB8-8B4A-11D0-8D11-00A0C91BC942}") = "CUDA-sample", "CUDA-sample\CUDA-sample.vcxproj", "{FECF3B30-F087-47F8-AF2C-19090025EDFC}"
EndProject
Global
	GlobalSection(SolutionConfigurationPlatforms) = preSolution
		Debug|x64 = Debug|x64
		Release|x64 = Release|x64
	EndGlobalSection
	GlobalSection(ProjectConfigurationPlatforms) = postSolution
		{FECF3B30-F087-47F8-AF2C-19090025EDFC}.Debug|x64.ActiveCfg = Debug|x64
		{FECF3B30-F087-47F8-AF2C-19090025EDFC}.Debug|x64.Build.0 = Debug|x64
		{FECF3B30-F087-47F8-AF2C-19090025EDFC}.Release|x64.ActiveCfg = Release|x64
		{FECF3B30-F087-47F8-AF2C-19090025EDFC}.Release|x64.Build.0 = Release|x64
	EndGlobalSection
	GlobalSection(SolutionProperties) = preSolution
		HideSolutionNode = FALSE
	EndGlobalSection
	GlobalSection(ExtensibilityGlobals) = postSolution
		SolutionGuid = {8C1E982F-0ACC-47C5-9730-25B12AC619A1}
	EndGlobalSection
EndGlobal
